// !$*UTF8*$!
{
	archiveVersion = 1;
	classes = {
	};
	objectVersion = 56;
	objects = {

/* Begin PBXBuildFile section */
		705712B72C1EE59300F4746C /* DayPlanView.swift in Sources */ = {isa = PBXBuildFile; fileRef = 705712B62C1EE59300F4746C /* DayPlanView.swift */; };
		705712B92C1EE83B00F4746C /* DetailPlanView.swift in Sources */ = {isa = PBXBuildFile; fileRef = 705712B82C1EE83B00F4746C /* DetailPlanView.swift */; };
		705712BB2C1EE86E00F4746C /* AddPlanPopupView.swift in Sources */ = {isa = PBXBuildFile; fileRef = 705712BA2C1EE86E00F4746C /* AddPlanPopupView.swift */; };
		7057DA902C12E91F00E3E596 /* ClearBackgroundView.swift in Sources */ = {isa = PBXBuildFile; fileRef = 7057DA8F2C12E91F00E3E596 /* ClearBackgroundView.swift */; };
		70AE298D2C0ED17C0037FFE5 /* CalendarGridView.swift in Sources */ = {isa = PBXBuildFile; fileRef = 70AE298C2C0ED17C0037FFE5 /* CalendarGridView.swift */; };
		70AE298F2C0EDAB80037FFE5 /* WeekdaysHeaderView.swift in Sources */ = {isa = PBXBuildFile; fileRef = 70AE298E2C0EDAB80037FFE5 /* WeekdaysHeaderView.swift */; };
		70AE29912C0EDAD60037FFE5 /* DayView.swift in Sources */ = {isa = PBXBuildFile; fileRef = 70AE29902C0EDAD60037FFE5 /* DayView.swift */; };
		70F1F1092BFEFFDA00738728 /* CalendarApp.swift in Sources */ = {isa = PBXBuildFile; fileRef = 70F1F1082BFEFFDA00738728 /* CalendarApp.swift */; };
		70F1F10B2BFEFFDA00738728 /* Home.swift in Sources */ = {isa = PBXBuildFile; fileRef = 70F1F10A2BFEFFDA00738728 /* Home.swift */; };
		70F1F10F2BFEFFDC00738728 /* Assets.xcassets in Resources */ = {isa = PBXBuildFile; fileRef = 70F1F10E2BFEFFDC00738728 /* Assets.xcassets */; };
		70F1F1122BFEFFDC00738728 /* Preview Assets.xcassets in Resources */ = {isa = PBXBuildFile; fileRef = 70F1F1112BFEFFDC00738728 /* Preview Assets.xcassets */; };
		70F1F11C2BFEFFDC00738728 /* CalendarTests.swift in Sources */ = {isa = PBXBuildFile; fileRef = 70F1F11B2BFEFFDC00738728 /* CalendarTests.swift */; };
		70F1F1262BFEFFDC00738728 /* CalendarUITests.swift in Sources */ = {isa = PBXBuildFile; fileRef = 70F1F1252BFEFFDC00738728 /* CalendarUITests.swift */; };
		70F1F1282BFEFFDC00738728 /* CalendarUITestsLaunchTests.swift in Sources */ = {isa = PBXBuildFile; fileRef = 70F1F1272BFEFFDC00738728 /* CalendarUITestsLaunchTests.swift */; };
		70F1F13D2BFF08DC00738728 /* Item.swift in Sources */ = {isa = PBXBuildFile; fileRef = 70F1F13C2BFF08DC00738728 /* Item.swift */; };
		70F1F13F2BFF314000738728 /* MainTabView.swift in Sources */ = {isa = PBXBuildFile; fileRef = 70F1F13E2BFF314000738728 /* MainTabView.swift */; };
		70F1F1462BFF32DB00738728 /* Preview.swift in Sources */ = {isa = PBXBuildFile; fileRef = 70F1F1452BFF32DB00738728 /* Preview.swift */; };
		70F1F1482BFF32E700738728 /* Symbol.swift in Sources */ = {isa = PBXBuildFile; fileRef = 70F1F1472BFF32E700738728 /* Symbol.swift */; };
		70F1F14A2BFF32F700738728 /* ResizedImage.swift in Sources */ = {isa = PBXBuildFile; fileRef = 70F1F1492BFF32F700738728 /* ResizedImage.swift */; };
		70F1F14C2BFF333F00738728 /* ColorExtension.swift in Sources */ = {isa = PBXBuildFile; fileRef = 70F1F14B2BFF333F00738728 /* ColorExtension.swift */; };
		70F1F14E2BFF335800738728 /* BundleExtention.swift in Sources */ = {isa = PBXBuildFile; fileRef = 70F1F14D2BFF335800738728 /* BundleExtention.swift */; };
		70F1F1502BFF338000738728 /* CalendarView.swift in Sources */ = {isa = PBXBuildFile; fileRef = 70F1F14F2BFF337F00738728 /* CalendarView.swift */; };
		70F1F1522BFF339400738728 /* MyPage.swift in Sources */ = {isa = PBXBuildFile; fileRef = 70F1F1512BFF339400738728 /* MyPage.swift */; };
		70F1F1552BFF9D0500738728 /* Category.swift in Sources */ = {isa = PBXBuildFile; fileRef = 70F1F1542BFF9D0500738728 /* Category.swift */; };
		70F1F1582BFF9D4700738728 /* Plan.swift in Sources */ = {isa = PBXBuildFile; fileRef = 70F1F1572BFF9D4700738728 /* Plan.swift */; };
		70F1F15A2BFF9D6700738728 /* DetailPlan.swift in Sources */ = {isa = PBXBuildFile; fileRef = 70F1F1592BFF9D6700738728 /* DetailPlan.swift */; };
		70F1F15C2BFF9D7700738728 /* PlanStore.swift in Sources */ = {isa = PBXBuildFile; fileRef = 70F1F15B2BFF9D7700738728 /* PlanStore.swift */; };
		70F1F15E2BFFA6BE00738728 /* AddPlan.swift in Sources */ = {isa = PBXBuildFile; fileRef = 70F1F15D2BFFA6BE00738728 /* AddPlan.swift */; };
		70F1F1602BFFA77C00738728 /* PlanView.swift in Sources */ = {isa = PBXBuildFile; fileRef = 70F1F15F2BFFA77C00738728 /* PlanView.swift */; };
		70F1F1622BFFA80F00738728 /* CategoryView.swift in Sources */ = {isa = PBXBuildFile; fileRef = 70F1F1612BFFA80F00738728 /* CategoryView.swift */; };
		70F1F1642BFFA92900738728 /* PlanDescription.swift in Sources */ = {isa = PBXBuildFile; fileRef = 70F1F1632BFFA92900738728 /* PlanDescription.swift */; };
		70F1F1682BFFBC5F00738728 /* AddPlanSheetView.swift in Sources */ = {isa = PBXBuildFile; fileRef = 70F1F1672BFFBC5F00738728 /* AddPlanSheetView.swift */; };
		70F1F16A2C002A3A00738728 /* AnyPlan.swift in Sources */ = {isa = PBXBuildFile; fileRef = 70F1F1692C002A3A00738728 /* AnyPlan.swift */; };
		70F1F16C2C002BFF00738728 /* plans.json in Resources */ = {isa = PBXBuildFile; fileRef = 70F1F16B2C002BFF00738728 /* plans.json */; };
		70FF6B962C096D040057DBA3 /* EditCategoriesView.swift in Sources */ = {isa = PBXBuildFile; fileRef = 70FF6B952C096D040057DBA3 /* EditCategoriesView.swift */; };
/* End PBXBuildFile section */

/* Begin PBXContainerItemProxy section */
		70F1F1182BFEFFDC00738728 /* PBXContainerItemProxy */ = {
			isa = PBXContainerItemProxy;
			containerPortal = 70F1F0FD2BFEFFDA00738728 /* Project object */;
			proxyType = 1;
			remoteGlobalIDString = 70F1F1042BFEFFDA00738728;
			remoteInfo = Calendar;
		};
		70F1F1222BFEFFDC00738728 /* PBXContainerItemProxy */ = {
			isa = PBXContainerItemProxy;
			containerPortal = 70F1F0FD2BFEFFDA00738728 /* Project object */;
			proxyType = 1;
			remoteGlobalIDString = 70F1F1042BFEFFDA00738728;
			remoteInfo = Calendar;
		};
/* End PBXContainerItemProxy section */

/* Begin PBXFileReference section */
		705712B62C1EE59300F4746C /* DayPlanView.swift */ = {isa = PBXFileReference; lastKnownFileType = sourcecode.swift; path = DayPlanView.swift; sourceTree = "<group>"; };
		705712B82C1EE83B00F4746C /* DetailPlanView.swift */ = {isa = PBXFileReference; lastKnownFileType = sourcecode.swift; path = DetailPlanView.swift; sourceTree = "<group>"; };
		705712BA2C1EE86E00F4746C /* AddPlanPopupView.swift */ = {isa = PBXFileReference; lastKnownFileType = sourcecode.swift; path = AddPlanPopupView.swift; sourceTree = "<group>"; };
		7057DA8F2C12E91F00E3E596 /* ClearBackgroundView.swift */ = {isa = PBXFileReference; lastKnownFileType = sourcecode.swift; path = ClearBackgroundView.swift; sourceTree = "<group>"; };
		70AE298C2C0ED17C0037FFE5 /* CalendarGridView.swift */ = {isa = PBXFileReference; lastKnownFileType = sourcecode.swift; path = CalendarGridView.swift; sourceTree = "<group>"; };
		70AE298E2C0EDAB80037FFE5 /* WeekdaysHeaderView.swift */ = {isa = PBXFileReference; lastKnownFileType = sourcecode.swift; path = WeekdaysHeaderView.swift; sourceTree = "<group>"; };
		70AE29902C0EDAD60037FFE5 /* DayView.swift */ = {isa = PBXFileReference; lastKnownFileType = sourcecode.swift; path = DayView.swift; sourceTree = "<group>"; };
		70F1F1052BFEFFDA00738728 /* Calendar.app */ = {isa = PBXFileReference; explicitFileType = wrapper.application; includeInIndex = 0; path = Calendar.app; sourceTree = BUILT_PRODUCTS_DIR; };
		70F1F1082BFEFFDA00738728 /* CalendarApp.swift */ = {isa = PBXFileReference; lastKnownFileType = sourcecode.swift; path = CalendarApp.swift; sourceTree = "<group>"; };
		70F1F10A2BFEFFDA00738728 /* Home.swift */ = {isa = PBXFileReference; lastKnownFileType = sourcecode.swift; path = Home.swift; sourceTree = "<group>"; };
		70F1F10E2BFEFFDC00738728 /* Assets.xcassets */ = {isa = PBXFileReference; lastKnownFileType = folder.assetcatalog; path = Assets.xcassets; sourceTree = "<group>"; };
		70F1F1112BFEFFDC00738728 /* Preview Assets.xcassets */ = {isa = PBXFileReference; lastKnownFileType = folder.assetcatalog; path = "Preview Assets.xcassets"; sourceTree = "<group>"; };
		70F1F1172BFEFFDC00738728 /* CalendarTests.xctest */ = {isa = PBXFileReference; explicitFileType = wrapper.cfbundle; includeInIndex = 0; path = CalendarTests.xctest; sourceTree = BUILT_PRODUCTS_DIR; };
		70F1F11B2BFEFFDC00738728 /* CalendarTests.swift */ = {isa = PBXFileReference; lastKnownFileType = sourcecode.swift; path = CalendarTests.swift; sourceTree = "<group>"; };
		70F1F1212BFEFFDC00738728 /* CalendarUITests.xctest */ = {isa = PBXFileReference; explicitFileType = wrapper.cfbundle; includeInIndex = 0; path = CalendarUITests.xctest; sourceTree = BUILT_PRODUCTS_DIR; };
		70F1F1252BFEFFDC00738728 /* CalendarUITests.swift */ = {isa = PBXFileReference; lastKnownFileType = sourcecode.swift; path = CalendarUITests.swift; sourceTree = "<group>"; };
		70F1F1272BFEFFDC00738728 /* CalendarUITestsLaunchTests.swift */ = {isa = PBXFileReference; lastKnownFileType = sourcecode.swift; path = CalendarUITestsLaunchTests.swift; sourceTree = "<group>"; };
		70F1F13C2BFF08DC00738728 /* Item.swift */ = {isa = PBXFileReference; lastKnownFileType = sourcecode.swift; path = Item.swift; sourceTree = "<group>"; };
		70F1F13E2BFF314000738728 /* MainTabView.swift */ = {isa = PBXFileReference; lastKnownFileType = sourcecode.swift; path = MainTabView.swift; sourceTree = "<group>"; };
		70F1F1452BFF32DB00738728 /* Preview.swift */ = {isa = PBXFileReference; lastKnownFileType = sourcecode.swift; path = Preview.swift; sourceTree = "<group>"; };
		70F1F1472BFF32E700738728 /* Symbol.swift */ = {isa = PBXFileReference; lastKnownFileType = sourcecode.swift; path = Symbol.swift; sourceTree = "<group>"; };
		70F1F1492BFF32F700738728 /* ResizedImage.swift */ = {isa = PBXFileReference; lastKnownFileType = sourcecode.swift; path = ResizedImage.swift; sourceTree = "<group>"; };
		70F1F14B2BFF333F00738728 /* ColorExtension.swift */ = {isa = PBXFileReference; lastKnownFileType = sourcecode.swift; path = ColorExtension.swift; sourceTree = "<group>"; };
		70F1F14D2BFF335800738728 /* BundleExtention.swift */ = {isa = PBXFileReference; lastKnownFileType = sourcecode.swift; path = BundleExtention.swift; sourceTree = "<group>"; };
		70F1F14F2BFF337F00738728 /* CalendarView.swift */ = {isa = PBXFileReference; lastKnownFileType = sourcecode.swift; path = CalendarView.swift; sourceTree = "<group>"; };
		70F1F1512BFF339400738728 /* MyPage.swift */ = {isa = PBXFileReference; lastKnownFileType = sourcecode.swift; path = MyPage.swift; sourceTree = "<group>"; };
		70F1F1542BFF9D0500738728 /* Category.swift */ = {isa = PBXFileReference; lastKnownFileType = sourcecode.swift; path = Category.swift; sourceTree = "<group>"; };
		70F1F1572BFF9D4700738728 /* Plan.swift */ = {isa = PBXFileReference; lastKnownFileType = sourcecode.swift; path = Plan.swift; sourceTree = "<group>"; };
		70F1F1592BFF9D6700738728 /* DetailPlan.swift */ = {isa = PBXFileReference; lastKnownFileType = sourcecode.swift; path = DetailPlan.swift; sourceTree = "<group>"; };
		70F1F15B2BFF9D7700738728 /* PlanStore.swift */ = {isa = PBXFileReference; lastKnownFileType = sourcecode.swift; path = PlanStore.swift; sourceTree = "<group>"; };
		70F1F15D2BFFA6BE00738728 /* AddPlan.swift */ = {isa = PBXFileReference; lastKnownFileType = sourcecode.swift; path = AddPlan.swift; sourceTree = "<group>"; };
		70F1F15F2BFFA77C00738728 /* PlanView.swift */ = {isa = PBXFileReference; lastKnownFileType = sourcecode.swift; path = PlanView.swift; sourceTree = "<group>"; };
		70F1F1612BFFA80F00738728 /* CategoryView.swift */ = {isa = PBXFileReference; lastKnownFileType = sourcecode.swift; path = CategoryView.swift; sourceTree = "<group>"; };
		70F1F1632BFFA92900738728 /* PlanDescription.swift */ = {isa = PBXFileReference; lastKnownFileType = sourcecode.swift; path = PlanDescription.swift; sourceTree = "<group>"; };
		70F1F1672BFFBC5F00738728 /* AddPlanSheetView.swift */ = {isa = PBXFileReference; lastKnownFileType = sourcecode.swift; path = AddPlanSheetView.swift; sourceTree = "<group>"; };
		70F1F1692C002A3A00738728 /* AnyPlan.swift */ = {isa = PBXFileReference; lastKnownFileType = sourcecode.swift; path = AnyPlan.swift; sourceTree = "<group>"; };
		70F1F16B2C002BFF00738728 /* plans.json */ = {isa = PBXFileReference; fileEncoding = 4; lastKnownFileType = text.json; path = plans.json; sourceTree = "<group>"; };
		70FF6B952C096D040057DBA3 /* EditCategoriesView.swift */ = {isa = PBXFileReference; lastKnownFileType = sourcecode.swift; path = EditCategoriesView.swift; sourceTree = "<group>"; };
/* End PBXFileReference section */

/* Begin PBXFrameworksBuildPhase section */
		70F1F1022BFEFFDA00738728 /* Frameworks */ = {
			isa = PBXFrameworksBuildPhase;
			buildActionMask = 2147483647;
			files = (
			);
			runOnlyForDeploymentPostprocessing = 0;
		};
		70F1F1142BFEFFDC00738728 /* Frameworks */ = {
			isa = PBXFrameworksBuildPhase;
			buildActionMask = 2147483647;
			files = (
			);
			runOnlyForDeploymentPostprocessing = 0;
		};
		70F1F11E2BFEFFDC00738728 /* Frameworks */ = {
			isa = PBXFrameworksBuildPhase;
			buildActionMask = 2147483647;
			files = (
			);
			runOnlyForDeploymentPostprocessing = 0;
		};
/* End PBXFrameworksBuildPhase section */

/* Begin PBXGroup section */
		70F1F0FC2BFEFFDA00738728 = {
			isa = PBXGroup;
			children = (
				70F1F1072BFEFFDA00738728 /* Calendar */,
				70F1F11A2BFEFFDC00738728 /* CalendarTests */,
				70F1F1242BFEFFDC00738728 /* CalendarUITests */,
				70F1F1062BFEFFDA00738728 /* Products */,
			);
			sourceTree = "<group>";
		};
		70F1F1062BFEFFDA00738728 /* Products */ = {
			isa = PBXGroup;
			children = (
				70F1F1052BFEFFDA00738728 /* Calendar.app */,
				70F1F1172BFEFFDC00738728 /* CalendarTests.xctest */,
				70F1F1212BFEFFDC00738728 /* CalendarUITests.xctest */,
			);
			name = Products;
			sourceTree = "<group>";
		};
		70F1F1072BFEFFDA00738728 /* Calendar */ = {
			isa = PBXGroup;
			children = (
				70F1F1532BFF9CD300738728 /* Model */,
				70F1F1422BFF321800738728 /* Helper */,
				70F1F1382BFF079E00738728 /* Resource */,
				70F1F1372BFF079200738728 /* Source */,
				70F1F1102BFEFFDC00738728 /* Preview Content */,
			);
			path = Calendar;
			sourceTree = "<group>";
		};
		70F1F1102BFEFFDC00738728 /* Preview Content */ = {
			isa = PBXGroup;
			children = (
				70F1F1112BFEFFDC00738728 /* Preview Assets.xcassets */,
			);
			path = "Preview Content";
			sourceTree = "<group>";
		};
		70F1F11A2BFEFFDC00738728 /* CalendarTests */ = {
			isa = PBXGroup;
			children = (
				70F1F11B2BFEFFDC00738728 /* CalendarTests.swift */,
			);
			path = CalendarTests;
			sourceTree = "<group>";
		};
		70F1F1242BFEFFDC00738728 /* CalendarUITests */ = {
			isa = PBXGroup;
			children = (
				70F1F1252BFEFFDC00738728 /* CalendarUITests.swift */,
				70F1F1272BFEFFDC00738728 /* CalendarUITestsLaunchTests.swift */,
			);
			path = CalendarUITests;
			sourceTree = "<group>";
		};
		70F1F1372BFF079200738728 /* Source */ = {
			isa = PBXGroup;
			children = (
				70F1F13A2BFF07BD00738728 /* User Interface */,
				70F1F1392BFF07B300738728 /* Application */,
				70F1F13C2BFF08DC00738728 /* Item.swift */,
			);
			path = Source;
			sourceTree = "<group>";
		};
		70F1F1382BFF079E00738728 /* Resource */ = {
			isa = PBXGroup;
			children = (
				70F1F16B2C002BFF00738728 /* plans.json */,
				70F1F10E2BFEFFDC00738728 /* Assets.xcassets */,
			);
			path = Resource;
			sourceTree = "<group>";
		};
		70F1F1392BFF07B300738728 /* Application */ = {
			isa = PBXGroup;
			children = (
				70F1F1082BFEFFDA00738728 /* CalendarApp.swift */,
			);
			path = Application;
			sourceTree = "<group>";
		};
		70F1F13A2BFF07BD00738728 /* User Interface */ = {
			isa = PBXGroup;
			children = (
				70F1F1412BFF31C400738728 /* MyPage */,
				70F1F1402BFF31B000738728 /* Calendar */,
				70F1F13B2BFF07DA00738728 /* Home */,
				70F1F13E2BFF314000738728 /* MainTabView.swift */,
			);
			path = "User Interface";
			sourceTree = "<group>";
		};
		70F1F13B2BFF07DA00738728 /* Home */ = {
			isa = PBXGroup;
			children = (
				70F1F10A2BFEFFDA00738728 /* Home.swift */,
				70F1F15D2BFFA6BE00738728 /* AddPlan.swift */,
				70F1F15F2BFFA77C00738728 /* PlanView.swift */,
				70F1F1612BFFA80F00738728 /* CategoryView.swift */,
				70F1F1632BFFA92900738728 /* PlanDescription.swift */,
				70F1F1672BFFBC5F00738728 /* AddPlanSheetView.swift */,
				70FF6B952C096D040057DBA3 /* EditCategoriesView.swift */,
				705712B82C1EE83B00F4746C /* DetailPlanView.swift */,
				705712BA2C1EE86E00F4746C /* AddPlanPopupView.swift */,
			);
			path = Home;
			sourceTree = "<group>";
		};
		70F1F1402BFF31B000738728 /* Calendar */ = {
			isa = PBXGroup;
			children = (
				70F1F14F2BFF337F00738728 /* CalendarView.swift */,
				70AE298C2C0ED17C0037FFE5 /* CalendarGridView.swift */,
				70AE298E2C0EDAB80037FFE5 /* WeekdaysHeaderView.swift */,
				70AE29902C0EDAD60037FFE5 /* DayView.swift */,
				705712B62C1EE59300F4746C /* DayPlanView.swift */,
			);
			path = Calendar;
			sourceTree = "<group>";
		};
		70F1F1412BFF31C400738728 /* MyPage */ = {
			isa = PBXGroup;
			children = (
				70F1F1512BFF339400738728 /* MyPage.swift */,
			);
			path = MyPage;
			sourceTree = "<group>";
		};
		70F1F1422BFF321800738728 /* Helper */ = {
			isa = PBXGroup;
			children = (
				70F1F1442BFF324400738728 /* Extention */,
				70F1F1432BFF323300738728 /* CustomView */,
			);
			path = Helper;
			sourceTree = "<group>";
		};
		70F1F1432BFF323300738728 /* CustomView */ = {
			isa = PBXGroup;
			children = (
				70F1F1452BFF32DB00738728 /* Preview.swift */,
				70F1F1472BFF32E700738728 /* Symbol.swift */,
				70F1F1492BFF32F700738728 /* ResizedImage.swift */,
				7057DA8F2C12E91F00E3E596 /* ClearBackgroundView.swift */,
			);
			path = CustomView;
			sourceTree = "<group>";
		};
		70F1F1442BFF324400738728 /* Extention */ = {
			isa = PBXGroup;
			children = (
				70F1F14B2BFF333F00738728 /* ColorExtension.swift */,
				70F1F14D2BFF335800738728 /* BundleExtention.swift */,
			);
			path = Extention;
			sourceTree = "<group>";
		};
		70F1F1532BFF9CD300738728 /* Model */ = {
			isa = PBXGroup;
			children = (
				70F1F1542BFF9D0500738728 /* Category.swift */,
				70F1F1572BFF9D4700738728 /* Plan.swift */,
				70F1F1592BFF9D6700738728 /* DetailPlan.swift */,
				70F1F15B2BFF9D7700738728 /* PlanStore.swift */,
				70F1F1692C002A3A00738728 /* AnyPlan.swift */,
			);
			path = Model;
			sourceTree = "<group>";
		};
/* End PBXGroup section */

/* Begin PBXNativeTarget section */
		70F1F1042BFEFFDA00738728 /* Calendar */ = {
			isa = PBXNativeTarget;
			buildConfigurationList = 70F1F12B2BFEFFDC00738728 /* Build configuration list for PBXNativeTarget "Calendar" */;
			buildPhases = (
				70F1F1012BFEFFDA00738728 /* Sources */,
				70F1F1022BFEFFDA00738728 /* Frameworks */,
				70F1F1032BFEFFDA00738728 /* Resources */,
			);
			buildRules = (
			);
			dependencies = (
			);
			name = Calendar;
			productName = Calendar;
			productReference = 70F1F1052BFEFFDA00738728 /* Calendar.app */;
			productType = "com.apple.product-type.application";
		};
		70F1F1162BFEFFDC00738728 /* CalendarTests */ = {
			isa = PBXNativeTarget;
			buildConfigurationList = 70F1F12E2BFEFFDC00738728 /* Build configuration list for PBXNativeTarget "CalendarTests" */;
			buildPhases = (
				70F1F1132BFEFFDC00738728 /* Sources */,
				70F1F1142BFEFFDC00738728 /* Frameworks */,
				70F1F1152BFEFFDC00738728 /* Resources */,
			);
			buildRules = (
			);
			dependencies = (
				70F1F1192BFEFFDC00738728 /* PBXTargetDependency */,
			);
			name = CalendarTests;
			productName = CalendarTests;
			productReference = 70F1F1172BFEFFDC00738728 /* CalendarTests.xctest */;
			productType = "com.apple.product-type.bundle.unit-test";
		};
		70F1F1202BFEFFDC00738728 /* CalendarUITests */ = {
			isa = PBXNativeTarget;
			buildConfigurationList = 70F1F1312BFEFFDC00738728 /* Build configuration list for PBXNativeTarget "CalendarUITests" */;
			buildPhases = (
				70F1F11D2BFEFFDC00738728 /* Sources */,
				70F1F11E2BFEFFDC00738728 /* Frameworks */,
				70F1F11F2BFEFFDC00738728 /* Resources */,
			);
			buildRules = (
			);
			dependencies = (
				70F1F1232BFEFFDC00738728 /* PBXTargetDependency */,
			);
			name = CalendarUITests;
			productName = CalendarUITests;
			productReference = 70F1F1212BFEFFDC00738728 /* CalendarUITests.xctest */;
			productType = "com.apple.product-type.bundle.ui-testing";
		};
/* End PBXNativeTarget section */

/* Begin PBXProject section */
		70F1F0FD2BFEFFDA00738728 /* Project object */ = {
			isa = PBXProject;
			attributes = {
				BuildIndependentTargetsInParallel = 1;
				LastSwiftUpdateCheck = 1540;
				LastUpgradeCheck = 1540;
				TargetAttributes = {
					70F1F1042BFEFFDA00738728 = {
						CreatedOnToolsVersion = 15.4;
					};
					70F1F1162BFEFFDC00738728 = {
						CreatedOnToolsVersion = 15.4;
						TestTargetID = 70F1F1042BFEFFDA00738728;
					};
					70F1F1202BFEFFDC00738728 = {
						CreatedOnToolsVersion = 15.4;
						TestTargetID = 70F1F1042BFEFFDA00738728;
					};
				};
			};
			buildConfigurationList = 70F1F1002BFEFFDA00738728 /* Build configuration list for PBXProject "Calendar" */;
			compatibilityVersion = "Xcode 14.0";
			developmentRegion = en;
			hasScannedForEncodings = 0;
			knownRegions = (
				en,
				Base,
			);
			mainGroup = 70F1F0FC2BFEFFDA00738728;
			productRefGroup = 70F1F1062BFEFFDA00738728 /* Products */;
			projectDirPath = "";
			projectRoot = "";
			targets = (
				70F1F1042BFEFFDA00738728 /* Calendar */,
				70F1F1162BFEFFDC00738728 /* CalendarTests */,
				70F1F1202BFEFFDC00738728 /* CalendarUITests */,
			);
		};
/* End PBXProject section */

/* Begin PBXResourcesBuildPhase section */
		70F1F1032BFEFFDA00738728 /* Resources */ = {
			isa = PBXResourcesBuildPhase;
			buildActionMask = 2147483647;
			files = (
				70F1F1122BFEFFDC00738728 /* Preview Assets.xcassets in Resources */,
				70F1F10F2BFEFFDC00738728 /* Assets.xcassets in Resources */,
				70F1F16C2C002BFF00738728 /* plans.json in Resources */,
			);
			runOnlyForDeploymentPostprocessing = 0;
		};
		70F1F1152BFEFFDC00738728 /* Resources */ = {
			isa = PBXResourcesBuildPhase;
			buildActionMask = 2147483647;
			files = (
			);
			runOnlyForDeploymentPostprocessing = 0;
		};
		70F1F11F2BFEFFDC00738728 /* Resources */ = {
			isa = PBXResourcesBuildPhase;
			buildActionMask = 2147483647;
			files = (
			);
			runOnlyForDeploymentPostprocessing = 0;
		};
/* End PBXResourcesBuildPhase section */

/* Begin PBXSourcesBuildPhase section */
		70F1F1012BFEFFDA00738728 /* Sources */ = {
			isa = PBXSourcesBuildPhase;
			buildActionMask = 2147483647;
			files = (
				70F1F15C2BFF9D7700738728 /* PlanStore.swift in Sources */,
				70AE29912C0EDAD60037FFE5 /* DayView.swift in Sources */,
				70F1F1682BFFBC5F00738728 /* AddPlanSheetView.swift in Sources */,
				70F1F10B2BFEFFDA00738728 /* Home.swift in Sources */,
				70F1F1522BFF339400738728 /* MyPage.swift in Sources */,
				70F1F14A2BFF32F700738728 /* ResizedImage.swift in Sources */,
				70F1F16A2C002A3A00738728 /* AnyPlan.swift in Sources */,
				70F1F1602BFFA77C00738728 /* PlanView.swift in Sources */,
				70F1F13D2BFF08DC00738728 /* Item.swift in Sources */,
				70F1F1582BFF9D4700738728 /* Plan.swift in Sources */,
				70AE298D2C0ED17C0037FFE5 /* CalendarGridView.swift in Sources */,
				705712B72C1EE59300F4746C /* DayPlanView.swift in Sources */,
				70F1F15A2BFF9D6700738728 /* DetailPlan.swift in Sources */,
				70F1F1622BFFA80F00738728 /* CategoryView.swift in Sources */,
				70F1F14C2BFF333F00738728 /* ColorExtension.swift in Sources */,
				70FF6B962C096D040057DBA3 /* EditCategoriesView.swift in Sources */,
				70F1F1462BFF32DB00738728 /* Preview.swift in Sources */,
				70F1F1642BFFA92900738728 /* PlanDescription.swift in Sources */,
				70F1F1092BFEFFDA00738728 /* CalendarApp.swift in Sources */,
				70F1F1552BFF9D0500738728 /* Category.swift in Sources */,
				70F1F13F2BFF314000738728 /* MainTabView.swift in Sources */,
				70F1F15E2BFFA6BE00738728 /* AddPlan.swift in Sources */,
				70AE298F2C0EDAB80037FFE5 /* WeekdaysHeaderView.swift in Sources */,
				70F1F14E2BFF335800738728 /* BundleExtention.swift in Sources */,
				705712BB2C1EE86E00F4746C /* AddPlanPopupView.swift in Sources */,
				705712B92C1EE83B00F4746C /* DetailPlanView.swift in Sources */,
				70F1F1482BFF32E700738728 /* Symbol.swift in Sources */,
				7057DA902C12E91F00E3E596 /* ClearBackgroundView.swift in Sources */,
				70F1F1502BFF338000738728 /* CalendarView.swift in Sources */,
			);
			runOnlyForDeploymentPostprocessing = 0;
		};
		70F1F1132BFEFFDC00738728 /* Sources */ = {
			isa = PBXSourcesBuildPhase;
			buildActionMask = 2147483647;
			files = (
				70F1F11C2BFEFFDC00738728 /* CalendarTests.swift in Sources */,
			);
			runOnlyForDeploymentPostprocessing = 0;
		};
		70F1F11D2BFEFFDC00738728 /* Sources */ = {
			isa = PBXSourcesBuildPhase;
			buildActionMask = 2147483647;
			files = (
				70F1F1282BFEFFDC00738728 /* CalendarUITestsLaunchTests.swift in Sources */,
				70F1F1262BFEFFDC00738728 /* CalendarUITests.swift in Sources */,
			);
			runOnlyForDeploymentPostprocessing = 0;
		};
/* End PBXSourcesBuildPhase section */

/* Begin PBXTargetDependency section */
		70F1F1192BFEFFDC00738728 /* PBXTargetDependency */ = {
			isa = PBXTargetDependency;
			target = 70F1F1042BFEFFDA00738728 /* Calendar */;
			targetProxy = 70F1F1182BFEFFDC00738728 /* PBXContainerItemProxy */;
		};
		70F1F1232BFEFFDC00738728 /* PBXTargetDependency */ = {
			isa = PBXTargetDependency;
			target = 70F1F1042BFEFFDA00738728 /* Calendar */;
			targetProxy = 70F1F1222BFEFFDC00738728 /* PBXContainerItemProxy */;
		};
/* End PBXTargetDependency section */

/* Begin XCBuildConfiguration section */
		70F1F1292BFEFFDC00738728 /* Debug */ = {
			isa = XCBuildConfiguration;
			buildSettings = {
				ALWAYS_SEARCH_USER_PATHS = NO;
				ASSETCATALOG_COMPILER_GENERATE_SWIFT_ASSET_SYMBOL_EXTENSIONS = YES;
				CLANG_ANALYZER_NONNULL = YES;
				CLANG_ANALYZER_NUMBER_OBJECT_CONVERSION = YES_AGGRESSIVE;
				CLANG_CXX_LANGUAGE_STANDARD = "gnu++20";
				CLANG_ENABLE_MODULES = YES;
				CLANG_ENABLE_OBJC_ARC = YES;
				CLANG_ENABLE_OBJC_WEAK = YES;
				CLANG_WARN_BLOCK_CAPTURE_AUTORELEASING = YES;
				CLANG_WARN_BOOL_CONVERSION = YES;
				CLANG_WARN_COMMA = YES;
				CLANG_WARN_CONSTANT_CONVERSION = YES;
				CLANG_WARN_DEPRECATED_OBJC_IMPLEMENTATIONS = YES;
				CLANG_WARN_DIRECT_OBJC_ISA_USAGE = YES_ERROR;
				CLANG_WARN_DOCUMENTATION_COMMENTS = YES;
				CLANG_WARN_EMPTY_BODY = YES;
				CLANG_WARN_ENUM_CONVERSION = YES;
				CLANG_WARN_INFINITE_RECURSION = YES;
				CLANG_WARN_INT_CONVERSION = YES;
				CLANG_WARN_NON_LITERAL_NULL_CONVERSION = YES;
				CLANG_WARN_OBJC_IMPLICIT_RETAIN_SELF = YES;
				CLANG_WARN_OBJC_LITERAL_CONVERSION = YES;
				CLANG_WARN_OBJC_ROOT_CLASS = YES_ERROR;
				CLANG_WARN_QUOTED_INCLUDE_IN_FRAMEWORK_HEADER = YES;
				CLANG_WARN_RANGE_LOOP_ANALYSIS = YES;
				CLANG_WARN_STRICT_PROTOTYPES = YES;
				CLANG_WARN_SUSPICIOUS_MOVE = YES;
				CLANG_WARN_UNGUARDED_AVAILABILITY = YES_AGGRESSIVE;
				CLANG_WARN_UNREACHABLE_CODE = YES;
				CLANG_WARN__DUPLICATE_METHOD_MATCH = YES;
				COPY_PHASE_STRIP = NO;
				DEBUG_INFORMATION_FORMAT = dwarf;
				ENABLE_STRICT_OBJC_MSGSEND = YES;
				ENABLE_TESTABILITY = YES;
				ENABLE_USER_SCRIPT_SANDBOXING = YES;
				GCC_C_LANGUAGE_STANDARD = gnu17;
				GCC_DYNAMIC_NO_PIC = NO;
				GCC_NO_COMMON_BLOCKS = YES;
				GCC_OPTIMIZATION_LEVEL = 0;
				GCC_PREPROCESSOR_DEFINITIONS = (
					"DEBUG=1",
					"$(inherited)",
				);
				GCC_WARN_64_TO_32_BIT_CONVERSION = YES;
				GCC_WARN_ABOUT_RETURN_TYPE = YES_ERROR;
				GCC_WARN_UNDECLARED_SELECTOR = YES;
				GCC_WARN_UNINITIALIZED_AUTOS = YES_AGGRESSIVE;
				GCC_WARN_UNUSED_FUNCTION = YES;
				GCC_WARN_UNUSED_VARIABLE = YES;
				IPHONEOS_DEPLOYMENT_TARGET = 17.5;
				LOCALIZATION_PREFERS_STRING_CATALOGS = YES;
				MTL_ENABLE_DEBUG_INFO = INCLUDE_SOURCE;
				MTL_FAST_MATH = YES;
				ONLY_ACTIVE_ARCH = YES;
				SDKROOT = iphoneos;
				SWIFT_ACTIVE_COMPILATION_CONDITIONS = "DEBUG $(inherited)";
				SWIFT_OPTIMIZATION_LEVEL = "-Onone";
			};
			name = Debug;
		};
		70F1F12A2BFEFFDC00738728 /* Release */ = {
			isa = XCBuildConfiguration;
			buildSettings = {
				ALWAYS_SEARCH_USER_PATHS = NO;
				ASSETCATALOG_COMPILER_GENERATE_SWIFT_ASSET_SYMBOL_EXTENSIONS = YES;
				CLANG_ANALYZER_NONNULL = YES;
				CLANG_ANALYZER_NUMBER_OBJECT_CONVERSION = YES_AGGRESSIVE;
				CLANG_CXX_LANGUAGE_STANDARD = "gnu++20";
				CLANG_ENABLE_MODULES = YES;
				CLANG_ENABLE_OBJC_ARC = YES;
				CLANG_ENABLE_OBJC_WEAK = YES;
				CLANG_WARN_BLOCK_CAPTURE_AUTORELEASING = YES;
				CLANG_WARN_BOOL_CONVERSION = YES;
				CLANG_WARN_COMMA = YES;
				CLANG_WARN_CONSTANT_CONVERSION = YES;
				CLANG_WARN_DEPRECATED_OBJC_IMPLEMENTATIONS = YES;
				CLANG_WARN_DIRECT_OBJC_ISA_USAGE = YES_ERROR;
				CLANG_WARN_DOCUMENTATION_COMMENTS = YES;
				CLANG_WARN_EMPTY_BODY = YES;
				CLANG_WARN_ENUM_CONVERSION = YES;
				CLANG_WARN_INFINITE_RECURSION = YES;
				CLANG_WARN_INT_CONVERSION = YES;
				CLANG_WARN_NON_LITERAL_NULL_CONVERSION = YES;
				CLANG_WARN_OBJC_IMPLICIT_RETAIN_SELF = YES;
				CLANG_WARN_OBJC_LITERAL_CONVERSION = YES;
				CLANG_WARN_OBJC_ROOT_CLASS = YES_ERROR;
				CLANG_WARN_QUOTED_INCLUDE_IN_FRAMEWORK_HEADER = YES;
				CLANG_WARN_RANGE_LOOP_ANALYSIS = YES;
				CLANG_WARN_STRICT_PROTOTYPES = YES;
				CLANG_WARN_SUSPICIOUS_MOVE = YES;
				CLANG_WARN_UNGUARDED_AVAILABILITY = YES_AGGRESSIVE;
				CLANG_WARN_UNREACHABLE_CODE = YES;
				CLANG_WARN__DUPLICATE_METHOD_MATCH = YES;
				COPY_PHASE_STRIP = NO;
				DEBUG_INFORMATION_FORMAT = "dwarf-with-dsym";
				ENABLE_NS_ASSERTIONS = NO;
				ENABLE_STRICT_OBJC_MSGSEND = YES;
				ENABLE_USER_SCRIPT_SANDBOXING = YES;
				GCC_C_LANGUAGE_STANDARD = gnu17;
				GCC_NO_COMMON_BLOCKS = YES;
				GCC_WARN_64_TO_32_BIT_CONVERSION = YES;
				GCC_WARN_ABOUT_RETURN_TYPE = YES_ERROR;
				GCC_WARN_UNDECLARED_SELECTOR = YES;
				GCC_WARN_UNINITIALIZED_AUTOS = YES_AGGRESSIVE;
				GCC_WARN_UNUSED_FUNCTION = YES;
				GCC_WARN_UNUSED_VARIABLE = YES;
				IPHONEOS_DEPLOYMENT_TARGET = 17.5;
				LOCALIZATION_PREFERS_STRING_CATALOGS = YES;
				MTL_ENABLE_DEBUG_INFO = NO;
				MTL_FAST_MATH = YES;
				SDKROOT = iphoneos;
				SWIFT_COMPILATION_MODE = wholemodule;
				VALIDATE_PRODUCT = YES;
			};
			name = Release;
		};
		70F1F12C2BFEFFDC00738728 /* Debug */ = {
			isa = XCBuildConfiguration;
			buildSettings = {
				ASSETCATALOG_COMPILER_APPICON_NAME = AppIcon;
				ASSETCATALOG_COMPILER_GLOBAL_ACCENT_COLOR_NAME = AccentColor;
				CODE_SIGN_STYLE = Automatic;
				CURRENT_PROJECT_VERSION = 1;
				DEVELOPMENT_ASSET_PATHS = "\"Calendar/Preview Content\"";
				ENABLE_PREVIEWS = YES;
				GENERATE_INFOPLIST_FILE = YES;
				INFOPLIST_FILE = Calendar/Info.plist;
				INFOPLIST_KEY_UIApplicationSceneManifest_Generation = YES;
				INFOPLIST_KEY_UIApplicationSupportsIndirectInputEvents = YES;
				INFOPLIST_KEY_UISupportedInterfaceOrientations_iPad = "UIInterfaceOrientationPortrait UIInterfaceOrientationPortraitUpsideDown UIInterfaceOrientationLandscapeLeft UIInterfaceOrientationLandscapeRight";
				INFOPLIST_KEY_UISupportedInterfaceOrientations_iPhone = "UIInterfaceOrientationPortrait UIInterfaceOrientationLandscapeLeft UIInterfaceOrientationLandscapeRight";
				LD_RUNPATH_SEARCH_PATHS = (
					"$(inherited)",
					"@executable_path/Frameworks",
				);
				MARKETING_VERSION = 1.0;
				PRODUCT_BUNDLE_IDENTIFIER = dyd131001.Calendar;
				PRODUCT_NAME = "$(TARGET_NAME)";
				SWIFT_EMIT_LOC_STRINGS = YES;
				SWIFT_VERSION = 5.0;
				TARGETED_DEVICE_FAMILY = "1,2";
			};
			name = Debug;
		};
		70F1F12D2BFEFFDC00738728 /* Release */ = {
			isa = XCBuildConfiguration;
			buildSettings = {
				ASSETCATALOG_COMPILER_APPICON_NAME = AppIcon;
				ASSETCATALOG_COMPILER_GLOBAL_ACCENT_COLOR_NAME = AccentColor;
				CODE_SIGN_STYLE = Automatic;
				CURRENT_PROJECT_VERSION = 1;
				DEVELOPMENT_ASSET_PATHS = "\"Calendar/Preview Content\"";
				ENABLE_PREVIEWS = YES;
				GENERATE_INFOPLIST_FILE = YES;
				INFOPLIST_FILE = Calendar/Info.plist;
				INFOPLIST_KEY_UIApplicationSceneManifest_Generation = YES;
				INFOPLIST_KEY_UIApplicationSupportsIndirectInputEvents = YES;
				INFOPLIST_KEY_UISupportedInterfaceOrientations_iPad = "UIInterfaceOrientationPortrait UIInterfaceOrientationPortraitUpsideDown UIInterfaceOrientationLandscapeLeft UIInterfaceOrientationLandscapeRight";
				INFOPLIST_KEY_UISupportedInterfaceOrientations_iPhone = "UIInterfaceOrientationPortrait UIInterfaceOrientationLandscapeLeft UIInterfaceOrientationLandscapeRight";
				LD_RUNPATH_SEARCH_PATHS = (
					"$(inherited)",
					"@executable_path/Frameworks",
				);
				MARKETING_VERSION = 1.0;
				PRODUCT_BUNDLE_IDENTIFIER = dyd131001.Calendar;
				PRODUCT_NAME = "$(TARGET_NAME)";
				SWIFT_EMIT_LOC_STRINGS = YES;
				SWIFT_VERSION = 5.0;
				TARGETED_DEVICE_FAMILY = "1,2";
			};
			name = Release;
		};
		70F1F12F2BFEFFDC00738728 /* Debug */ = {
			isa = XCBuildConfiguration;
			buildSettings = {
				ALWAYS_EMBED_SWIFT_STANDARD_LIBRARIES = YES;
				BUNDLE_LOADER = "$(TEST_HOST)";
				CODE_SIGN_STYLE = Automatic;
				CURRENT_PROJECT_VERSION = 1;
				GENERATE_INFOPLIST_FILE = YES;
				IPHONEOS_DEPLOYMENT_TARGET = 17.5;
				MARKETING_VERSION = 1.0;
				PRODUCT_BUNDLE_IDENTIFIER = dyd131001.CalendarTests;
				PRODUCT_NAME = "$(TARGET_NAME)";
				SWIFT_EMIT_LOC_STRINGS = NO;
				SWIFT_VERSION = 5.0;
				TARGETED_DEVICE_FAMILY = "1,2";
				TEST_HOST = "$(BUILT_PRODUCTS_DIR)/Calendar.app/$(BUNDLE_EXECUTABLE_FOLDER_PATH)/Calendar";
			};
			name = Debug;
		};
		70F1F1302BFEFFDC00738728 /* Release */ = {
			isa = XCBuildConfiguration;
			buildSettings = {
				ALWAYS_EMBED_SWIFT_STANDARD_LIBRARIES = YES;
				BUNDLE_LOADER = "$(TEST_HOST)";
				CODE_SIGN_STYLE = Automatic;
				CURRENT_PROJECT_VERSION = 1;
				GENERATE_INFOPLIST_FILE = YES;
				IPHONEOS_DEPLOYMENT_TARGET = 17.5;
				MARKETING_VERSION = 1.0;
				PRODUCT_BUNDLE_IDENTIFIER = dyd131001.CalendarTests;
				PRODUCT_NAME = "$(TARGET_NAME)";
				SWIFT_EMIT_LOC_STRINGS = NO;
				SWIFT_VERSION = 5.0;
				TARGETED_DEVICE_FAMILY = "1,2";
				TEST_HOST = "$(BUILT_PRODUCTS_DIR)/Calendar.app/$(BUNDLE_EXECUTABLE_FOLDER_PATH)/Calendar";
			};
			name = Release;
		};
		70F1F1322BFEFFDC00738728 /* Debug */ = {
			isa = XCBuildConfiguration;
			buildSettings = {
				ALWAYS_EMBED_SWIFT_STANDARD_LIBRARIES = YES;
				CODE_SIGN_STYLE = Automatic;
				CURRENT_PROJECT_VERSION = 1;
				GENERATE_INFOPLIST_FILE = YES;
				MARKETING_VERSION = 1.0;
				PRODUCT_BUNDLE_IDENTIFIER = dyd131001.CalendarUITests;
				PRODUCT_NAME = "$(TARGET_NAME)";
				SWIFT_EMIT_LOC_STRINGS = NO;
				SWIFT_VERSION = 5.0;
				TARGETED_DEVICE_FAMILY = "1,2";
				TEST_TARGET_NAME = Calendar;
			};
			name = Debug;
		};
		70F1F1332BFEFFDC00738728 /* Release */ = {
			isa = XCBuildConfiguration;
			buildSettings = {
				ALWAYS_EMBED_SWIFT_STANDARD_LIBRARIES = YES;
				CODE_SIGN_STYLE = Automatic;
				CURRENT_PROJECT_VERSION = 1;
				GENERATE_INFOPLIST_FILE = YES;
				MARKETING_VERSION = 1.0;
				PRODUCT_BUNDLE_IDENTIFIER = dyd131001.CalendarUITests;
				PRODUCT_NAME = "$(TARGET_NAME)";
				SWIFT_EMIT_LOC_STRINGS = NO;
				SWIFT_VERSION = 5.0;
				TARGETED_DEVICE_FAMILY = "1,2";
				TEST_TARGET_NAME = Calendar;
			};
			name = Release;
		};
/* End XCBuildConfiguration section */

/* Begin XCConfigurationList section */
		70F1F1002BFEFFDA00738728 /* Build configuration list for PBXProject "Calendar" */ = {
			isa = XCConfigurationList;
			buildConfigurations = (
				70F1F1292BFEFFDC00738728 /* Debug */,
				70F1F12A2BFEFFDC00738728 /* Release */,
			);
			defaultConfigurationIsVisible = 0;
			defaultConfigurationName = Release;
		};
		70F1F12B2BFEFFDC00738728 /* Build configuration list for PBXNativeTarget "Calendar" */ = {
			isa = XCConfigurationList;
			buildConfigurations = (
				70F1F12C2BFEFFDC00738728 /* Debug */,
				70F1F12D2BFEFFDC00738728 /* Release */,
			);
			defaultConfigurationIsVisible = 0;
			defaultConfigurationName = Release;
		};
		70F1F12E2BFEFFDC00738728 /* Build configuration list for PBXNativeTarget "CalendarTests" */ = {
			isa = XCConfigurationList;
			buildConfigurations = (
				70F1F12F2BFEFFDC00738728 /* Debug */,
				70F1F1302BFEFFDC00738728 /* Release */,
			);
			defaultConfigurationIsVisible = 0;
			defaultConfigurationName = Release;
		};
		70F1F1312BFEFFDC00738728 /* Build configuration list for PBXNativeTarget "CalendarUITests" */ = {
			isa = XCConfigurationList;
			buildConfigurations = (
				70F1F1322BFEFFDC00738728 /* Debug */,
				70F1F1332BFEFFDC00738728 /* Release */,
			);
			defaultConfigurationIsVisible = 0;
			defaultConfigurationName = Release;
		};
/* End XCConfigurationList section */
	};
	rootObject = 70F1F0FD2BFEFFDA00738728 /* Project object */;
}
